
Microsoft Visual Studio Solution File, Format Version 12.00
# Visual Studio Version 17
VisualStudioVersion = 17.3.32922.545
MinimumVisualStudioVersion = 10.0.40219.1
Project("{FAE04EC0-301F-11D3-BF4B-00C04F79EFBC}") = "test123", "test123.csproj", "{28389930-DCC1-47D9-8E85-E325753A4986}"
EndProject
Global
	GlobalSection(SolutionConfigurationPlatforms) = preSolution
		Debug|Any CPU = Debug|Any CPU
		Release|Any CPU = Release|Any CPU
	EndGlobalSection
	GlobalSection(ProjectConfigurationPlatforms) = postSolution
		{28389930-DCC1-47D9-8E85-E325753A4986}.Debug|Any CPU.ActiveCfg = Debug|Any CPU
		{28389930-DCC1-47D9-8E85-E325753A4986}.Debug|Any CPU.Build.0 = Debug|Any CPU
		{28389930-DCC1-47D9-8E85-E325753A4986}.Release|Any CPU.ActiveCfg = Release|Any CPU
		{28389930-DCC1-47D9-8E85-E325753A4986}.Release|Any CPU.Build.0 = Release|Any CPU
	EndGlobalSection
	GlobalSection(SolutionProperties) = preSolution
		HideSolutionNode = FALSE
	EndGlobalSection
	GlobalSection(ExtensibilityGlobals) = postSolution
		SolutionGuid = {B7210682-78A6-481D-AEF2-BCF1A5B97F64}
	EndGlobalSection
EndGlobal
